
Microsoft Visual Studio Solution File, Format Version 12.00
# Visual Studio 15
VisualStudioVersion = 15.0.27703.2000
MinimumVisualStudioVersion = 10.0.40219.1
Project("{FAE04EC0-301F-11D3-BF4B-00C04F79EFBC}") = "PodcastPlayer.App.Android", "PodcastPlayer.App\PodcastPlayer.App.Android\PodcastPlayer.App.Android.csproj", "{1C9999CA-A13D-40B8-8AFC-E98F4A270CF1}"
EndProject
Project("{FAE04EC0-301F-11D3-BF4B-00C04F79EFBC}") = "PodcastPlayer.App.iOS", "PodcastPlayer.App\PodcastPlayer.App.iOS\PodcastPlayer.App.iOS.csproj", "{AF6BF3B3-C21A-454E-ADE0-E082FD9D7789}"
EndProject
Project("{FAE04EC0-301F-11D3-BF4B-00C04F79EFBC}") = "PodcastPlayer.App.UWP", "PodcastPlayer.App\PodcastPlayer.App.UWP\PodcastPlayer.App.UWP.csproj", "{652D3EC4-1836-41D5-97D7-485BD4BD21DC}"
EndProject
Project("{FAE04EC0-301F-11D3-BF4B-00C04F79EFBC}") = "PodcastPlayer.App", "PodcastPlayer.App\PodcastPlayer.App\PodcastPlayer.App.csproj", "{7F354E1A-B206-4188-9025-9B0E6554D3C7}"
EndProject
Project("{FAE04EC0-301F-11D3-BF4B-00C04F79EFBC}") = "PodcastPlayer.Library", "PodcastPlayer.Library\PodcastPlayer.Library.csproj", "{54702F76-A099-49B5-8190-CFECD2E6B4EF}"
EndProject
Global
	GlobalSection(SolutionConfigurationPlatforms) = preSolution
		Ad-Hoc|Any CPU = Ad-Hoc|Any CPU
		Ad-Hoc|ARM = Ad-Hoc|ARM
		Ad-Hoc|iPhone = Ad-Hoc|iPhone
		Ad-Hoc|iPhoneSimulator = Ad-Hoc|iPhoneSimulator
		Ad-Hoc|x64 = Ad-Hoc|x64
		Ad-Hoc|x86 = Ad-Hoc|x86
		AppStore|Any CPU = AppStore|Any CPU
		AppStore|ARM = AppStore|ARM
		AppStore|iPhone = AppStore|iPhone
		AppStore|iPhoneSimulator = AppStore|iPhoneSimulator
		AppStore|x64 = AppStore|x64
		AppStore|x86 = AppStore|x86
		Debug|Any CPU = Debug|Any CPU
		Debug|ARM = Debug|ARM
		Debug|iPhone = Debug|iPhone
		Debug|iPhoneSimulator = Debug|iPhoneSimulator
		Debug|x64 = Debug|x64
		Debug|x86 = Debug|x86
		Release|Any CPU = Release|Any CPU
		Release|ARM = Release|ARM
		Release|iPhone = Release|iPhone
		Release|iPhoneSimulator = Release|iPhoneSimulator
		Release|x64 = Release|x64
		Release|x86 = Release|x86
	EndGlobalSection
	GlobalSection(ProjectConfigurationPlatforms) = postSolution
		{1C9999CA-A13D-40B8-8AFC-E98F4A270CF1}.Ad-Hoc|Any CPU.ActiveCfg = Release|Any CPU
		{1C9999CA-A13D-40B8-8AFC-E98F4A270CF1}.Ad-Hoc|Any CPU.Build.0 = Release|Any CPU
		{1C9999CA-A13D-40B8-8AFC-E98F4A270CF1}.Ad-Hoc|Any CPU.Deploy.0 = Release|Any CPU
		{1C9999CA-A13D-40B8-8AFC-E98F4A270CF1}.Ad-Hoc|ARM.ActiveCfg = Release|Any CPU
		{1C9999CA-A13D-40B8-8AFC-E98F4A270CF1}.Ad-Hoc|ARM.Build.0 = Release|Any CPU
		{1C9999CA-A13D-40B8-8AFC-E98F4A270CF1}.Ad-Hoc|ARM.Deploy.0 = Release|Any CPU
		{1C9999CA-A13D-40B8-8AFC-E98F4A270CF1}.Ad-Hoc|iPhone.ActiveCfg = Release|Any CPU
		{1C9999CA-A13D-40B8-8AFC-E98F4A270CF1}.Ad-Hoc|iPhone.Build.0 = Release|Any CPU
		{1C9999CA-A13D-40B8-8AFC-E98F4A270CF1}.Ad-Hoc|iPhone.Deploy.0 = Release|Any CPU
		{1C9999CA-A13D-40B8-8AFC-E98F4A270CF1}.Ad-Hoc|iPhoneSimulator.ActiveCfg = Release|Any CPU
		{1C9999CA-A13D-40B8-8AFC-E98F4A270CF1}.Ad-Hoc|iPhoneSimulator.Build.0 = Release|Any CPU
		{1C9999CA-A13D-40B8-8AFC-E98F4A270CF1}.Ad-Hoc|iPhoneSimulator.Deploy.0 = Release|Any CPU
		{1C9999CA-A13D-40B8-8AFC-E98F4A270CF1}.Ad-Hoc|x64.ActiveCfg = Release|Any CPU
		{1C9999CA-A13D-40B8-8AFC-E98F4A270CF1}.Ad-Hoc|x64.Build.0 = Release|Any CPU
		{1C9999CA-A13D-40B8-8AFC-E98F4A270CF1}.Ad-Hoc|x64.Deploy.0 = Release|Any CPU
		{1C9999CA-A13D-40B8-8AFC-E98F4A270CF1}.Ad-Hoc|x86.ActiveCfg = Release|Any CPU
		{1C9999CA-A13D-40B8-8AFC-E98F4A270CF1}.Ad-Hoc|x86.Build.0 = Release|Any CPU
		{1C9999CA-A13D-40B8-8AFC-E98F4A270CF1}.Ad-Hoc|x86.Deploy.0 = Release|Any CPU
		{1C9999CA-A13D-40B8-8AFC-E98F4A270CF1}.AppStore|Any CPU.ActiveCfg = Release|Any CPU
		{1C9999CA-A13D-40B8-8AFC-E98F4A270CF1}.AppStore|Any CPU.Build.0 = Release|Any CPU
		{1C9999CA-A13D-40B8-8AFC-E98F4A270CF1}.AppStore|Any CPU.Deploy.0 = Release|Any CPU
		{1C9999CA-A13D-40B8-8AFC-E98F4A270CF1}.AppStore|ARM.ActiveCfg = Release|Any CPU
		{1C9999CA-A13D-40B8-8AFC-E98F4A270CF1}.AppStore|ARM.Build.0 = Release|Any CPU
		{1C9999CA-A13D-40B8-8AFC-E98F4A270CF1}.AppStore|ARM.Deploy.0 = Release|Any CPU
		{1C9999CA-A13D-40B8-8AFC-E98F4A270CF1}.AppStore|iPhone.ActiveCfg = Release|Any CPU
		{1C9999CA-A13D-40B8-8AFC-E98F4A270CF1}.AppStore|iPhone.Build.0 = Release|Any CPU
		{1C9999CA-A13D-40B8-8AFC-E98F4A270CF1}.AppStore|iPhone.Deploy.0 = Release|Any CPU
		{1C9999CA-A13D-40B8-8AFC-E98F4A270CF1}.AppStore|iPhoneSimulator.ActiveCfg = Release|Any CPU
		{1C9999CA-A13D-40B8-8AFC-E98F4A270CF1}.AppStore|iPhoneSimulator.Build.0 = Release|Any CPU
		{1C9999CA-A13D-40B8-8AFC-E98F4A270CF1}.AppStore|iPhoneSimulator.Deploy.0 = Release|Any CPU
		{1C9999CA-A13D-40B8-8AFC-E98F4A270CF1}.AppStore|x64.ActiveCfg = Release|Any CPU
		{1C9999CA-A13D-40B8-8AFC-E98F4A270CF1}.AppStore|x64.Build.0 = Release|Any CPU
		{1C9999CA-A13D-40B8-8AFC-E98F4A270CF1}.AppStore|x64.Deploy.0 = Release|Any CPU
		{1C9999CA-A13D-40B8-8AFC-E98F4A270CF1}.AppStore|x86.ActiveCfg = Release|Any CPU
		{1C9999CA-A13D-40B8-8AFC-E98F4A270CF1}.AppStore|x86.Build.0 = Release|Any CPU
		{1C9999CA-A13D-40B8-8AFC-E98F4A270CF1}.AppStore|x86.Deploy.0 = Release|Any CPU
		{1C9999CA-A13D-40B8-8AFC-E98F4A270CF1}.Debug|Any CPU.ActiveCfg = Debug|Any CPU
		{1C9999CA-A13D-40B8-8AFC-E98F4A270CF1}.Debug|Any CPU.Build.0 = Debug|Any CPU
		{1C9999CA-A13D-40B8-8AFC-E98F4A270CF1}.Debug|Any CPU.Deploy.0 = Debug|Any CPU
		{1C9999CA-A13D-40B8-8AFC-E98F4A270CF1}.Debug|ARM.ActiveCfg = Debug|Any CPU
		{1C9999CA-A13D-40B8-8AFC-E98F4A270CF1}.Debug|ARM.Build.0 = Debug|Any CPU
		{1C9999CA-A13D-40B8-8AFC-E98F4A270CF1}.Debug|ARM.Deploy.0 = Debug|Any CPU
		{1C9999CA-A13D-40B8-8AFC-E98F4A270CF1}.Debug|iPhone.ActiveCfg = Debug|Any CPU
		{1C9999CA-A13D-40B8-8AFC-E98F4A270CF1}.Debug|iPhone.Build.0 = Debug|Any CPU
		{1C9999CA-A13D-40B8-8AFC-E98F4A270CF1}.Debug|iPhone.Deploy.0 = Debug|Any CPU
		{1C9999CA-A13D-40B8-8AFC-E98F4A270CF1}.Debug|iPhoneSimulator.ActiveCfg = Debug|Any CPU
		{1C9999CA-A13D-40B8-8AFC-E98F4A270CF1}.Debug|iPhoneSimulator.Build.0 = Debug|Any CPU
		{1C9999CA-A13D-40B8-8AFC-E98F4A270CF1}.Debug|iPhoneSimulator.Deploy.0 = Debug|Any CPU
		{1C9999CA-A13D-40B8-8AFC-E98F4A270CF1}.Debug|x64.ActiveCfg = Debug|Any CPU
		{1C9999CA-A13D-40B8-8AFC-E98F4A270CF1}.Debug|x64.Build.0 = Debug|Any CPU
		{1C9999CA-A13D-40B8-8AFC-E98F4A270CF1}.Debug|x64.Deploy.0 = Debug|Any CPU
		{1C9999CA-A13D-40B8-8AFC-E98F4A270CF1}.Debug|x86.ActiveCfg = Debug|Any CPU
		{1C9999CA-A13D-40B8-8AFC-E98F4A270CF1}.Debug|x86.Build.0 = Debug|Any CPU
		{1C9999CA-A13D-40B8-8AFC-E98F4A270CF1}.Debug|x86.Deploy.0 = Debug|Any CPU
		{1C9999CA-A13D-40B8-8AFC-E98F4A270CF1}.Release|Any CPU.ActiveCfg = Release|Any CPU
		{1C9999CA-A13D-40B8-8AFC-E98F4A270CF1}.Release|Any CPU.Build.0 = Release|Any CPU
		{1C9999CA-A13D-40B8-8AFC-E98F4A270CF1}.Release|Any CPU.Deploy.0 = Release|Any CPU
		{1C9999CA-A13D-40B8-8AFC-E98F4A270CF1}.Release|ARM.ActiveCfg = Release|Any CPU
		{1C9999CA-A13D-40B8-8AFC-E98F4A270CF1}.Release|ARM.Build.0 = Release|Any CPU
		{1C9999CA-A13D-40B8-8AFC-E98F4A270CF1}.Release|ARM.Deploy.0 = Release|Any CPU
		{1C9999CA-A13D-40B8-8AFC-E98F4A270CF1}.Release|iPhone.ActiveCfg = Release|Any CPU
		{1C9999CA-A13D-40B8-8AFC-E98F4A270CF1}.Release|iPhone.Build.0 = Release|Any CPU
		{1C9999CA-A13D-40B8-8AFC-E98F4A270CF1}.Release|iPhone.Deploy.0 = Release|Any CPU
		{1C9999CA-A13D-40B8-8AFC-E98F4A270CF1}.Release|iPhoneSimulator.ActiveCfg = Release|Any CPU
		{1C9999CA-A13D-40B8-8AFC-E98F4A270CF1}.Release|iPhoneSimulator.Build.0 = Release|Any CPU
		{1C9999CA-A13D-40B8-8AFC-E98F4A270CF1}.Release|iPhoneSimulator.Deploy.0 = Release|Any CPU
		{1C9999CA-A13D-40B8-8AFC-E98F4A270CF1}.Release|x64.ActiveCfg = Release|Any CPU
		{1C9999CA-A13D-40B8-8AFC-E98F4A270CF1}.Release|x64.Build.0 = Release|Any CPU
		{1C9999CA-A13D-40B8-8AFC-E98F4A270CF1}.Release|x64.Deploy.0 = Release|Any CPU
		{1C9999CA-A13D-40B8-8AFC-E98F4A270CF1}.Release|x86.ActiveCfg = Release|Any CPU
		{1C9999CA-A13D-40B8-8AFC-E98F4A270CF1}.Release|x86.Build.0 = Release|Any CPU
		{1C9999CA-A13D-40B8-8AFC-E98F4A270CF1}.Release|x86.Deploy.0 = Release|Any CPU
		{AF6BF3B3-C21A-454E-ADE0-E082FD9D7789}.Ad-Hoc|Any CPU.ActiveCfg = Ad-Hoc|iPhone
		{AF6BF3B3-C21A-454E-ADE0-E082FD9D7789}.Ad-Hoc|Any CPU.Build.0 = Ad-Hoc|iPhone
		{AF6BF3B3-C21A-454E-ADE0-E082FD9D7789}.Ad-Hoc|Any CPU.Deploy.0 = Ad-Hoc|iPhone
		{AF6BF3B3-C21A-454E-ADE0-E082FD9D7789}.Ad-Hoc|ARM.ActiveCfg = Ad-Hoc|iPhone
		{AF6BF3B3-C21A-454E-ADE0-E082FD9D7789}.Ad-Hoc|ARM.Build.0 = Ad-Hoc|iPhone
		{AF6BF3B3-C21A-454E-ADE0-E082FD9D7789}.Ad-Hoc|ARM.Deploy.0 = Ad-Hoc|iPhone
		{AF6BF3B3-C21A-454E-ADE0-E082FD9D7789}.Ad-Hoc|iPhone.ActiveCfg = Ad-Hoc|iPhone
		{AF6BF3B3-C21A-454E-ADE0-E082FD9D7789}.Ad-Hoc|iPhone.Build.0 = Ad-Hoc|iPhone
		{AF6BF3B3-C21A-454E-ADE0-E082FD9D7789}.Ad-Hoc|iPhone.Deploy.0 = Ad-Hoc|iPhone
		{AF6BF3B3-C21A-454E-ADE0-E082FD9D7789}.Ad-Hoc|iPhoneSimulator.ActiveCfg = Ad-Hoc|iPhoneSimulator
		{AF6BF3B3-C21A-454E-ADE0-E082FD9D7789}.Ad-Hoc|iPhoneSimulator.Build.0 = Ad-Hoc|iPhoneSimulator
		{AF6BF3B3-C21A-454E-ADE0-E082FD9D7789}.Ad-Hoc|iPhoneSimulator.Deploy.0 = Ad-Hoc|iPhoneSimulator
		{AF6BF3B3-C21A-454E-ADE0-E082FD9D7789}.Ad-Hoc|x64.ActiveCfg = Ad-Hoc|iPhone
		{AF6BF3B3-C21A-454E-ADE0-E082FD9D7789}.Ad-Hoc|x64.Build.0 = Ad-Hoc|iPhone
		{AF6BF3B3-C21A-454E-ADE0-E082FD9D7789}.Ad-Hoc|x64.Deploy.0 = Ad-Hoc|iPhone
		{AF6BF3B3-C21A-454E-ADE0-E082FD9D7789}.Ad-Hoc|x86.ActiveCfg = Ad-Hoc|iPhone
		{AF6BF3B3-C21A-454E-ADE0-E082FD9D7789}.Ad-Hoc|x86.Build.0 = Ad-Hoc|iPhone
		{AF6BF3B3-C21A-454E-ADE0-E082FD9D7789}.Ad-Hoc|x86.Deploy.0 = Ad-Hoc|iPhone
		{AF6BF3B3-C21A-454E-ADE0-E082FD9D7789}.AppStore|Any CPU.ActiveCfg = AppStore|iPhone
		{AF6BF3B3-C21A-454E-ADE0-E082FD9D7789}.AppStore|Any CPU.Build.0 = AppStore|iPhone
		{AF6BF3B3-C21A-454E-ADE0-E082FD9D7789}.AppStore|Any CPU.Deploy.0 = AppStore|iPhone
		{AF6BF3B3-C21A-454E-ADE0-E082FD9D7789}.AppStore|ARM.ActiveCfg = AppStore|iPhone
		{AF6BF3B3-C21A-454E-ADE0-E082FD9D7789}.AppStore|ARM.Build.0 = AppStore|iPhone
		{AF6BF3B3-C21A-454E-ADE0-E082FD9D7789}.AppStore|ARM.Deploy.0 = AppStore|iPhone
		{AF6BF3B3-C21A-454E-ADE0-E082FD9D7789}.AppStore|iPhone.ActiveCfg = AppStore|iPhone
		{AF6BF3B3-C21A-454E-ADE0-E082FD9D7789}.AppStore|iPhone.Build.0 = AppStore|iPhone
		{AF6BF3B3-C21A-454E-ADE0-E082FD9D7789}.AppStore|iPhone.Deploy.0 = AppStore|iPhone
		{AF6BF3B3-C21A-454E-ADE0-E082FD9D7789}.AppStore|iPhoneSimulator.ActiveCfg = AppStore|iPhoneSimulator
		{AF6BF3B3-C21A-454E-ADE0-E082FD9D7789}.AppStore|iPhoneSimulator.Build.0 = AppStore|iPhoneSimulator
		{AF6BF3B3-C21A-454E-ADE0-E082FD9D7789}.AppStore|iPhoneSimulator.Deploy.0 = AppStore|iPhoneSimulator
		{AF6BF3B3-C21A-454E-ADE0-E082FD9D7789}.AppStore|x64.ActiveCfg = AppStore|iPhone
		{AF6BF3B3-C21A-454E-ADE0-E082FD9D7789}.AppStore|x64.Build.0 = AppStore|iPhone
		{AF6BF3B3-C21A-454E-ADE0-E082FD9D7789}.AppStore|x64.Deploy.0 = AppStore|iPhone
		{AF6BF3B3-C21A-454E-ADE0-E082FD9D7789}.AppStore|x86.ActiveCfg = AppStore|iPhone
		{AF6BF3B3-C21A-454E-ADE0-E082FD9D7789}.AppStore|x86.Build.0 = AppStore|iPhone
		{AF6BF3B3-C21A-454E-ADE0-E082FD9D7789}.AppStore|x86.Deploy.0 = AppStore|iPhone
		{AF6BF3B3-C21A-454E-ADE0-E082FD9D7789}.Debug|Any CPU.ActiveCfg = Debug|iPhoneSimulator
		{AF6BF3B3-C21A-454E-ADE0-E082FD9D7789}.Debug|Any CPU.Build.0 = Debug|iPhoneSimulator
		{AF6BF3B3-C21A-454E-ADE0-E082FD9D7789}.Debug|Any CPU.Deploy.0 = Debug|iPhoneSimulator
		{AF6BF3B3-C21A-454E-ADE0-E082FD9D7789}.Debug|ARM.ActiveCfg = Debug|iPhone
		{AF6BF3B3-C21A-454E-ADE0-E082FD9D7789}.Debug|ARM.Build.0 = Debug|iPhone
		{AF6BF3B3-C21A-454E-ADE0-E082FD9D7789}.Debug|ARM.Deploy.0 = Debug|iPhone
		{AF6BF3B3-C21A-454E-ADE0-E082FD9D7789}.Debug|iPhone.ActiveCfg = Debug|iPhone
		{AF6BF3B3-C21A-454E-ADE0-E082FD9D7789}.Debug|iPhone.Build.0 = Debug|iPhone
		{AF6BF3B3-C21A-454E-ADE0-E082FD9D7789}.Debug|iPhone.Deploy.0 = Debug|iPhone
		{AF6BF3B3-C21A-454E-ADE0-E082FD9D7789}.Debug|iPhoneSimulator.ActiveCfg = Debug|iPhoneSimulator
		{AF6BF3B3-C21A-454E-ADE0-E082FD9D7789}.Debug|iPhoneSimulator.Build.0 = Debug|iPhoneSimulator
		{AF6BF3B3-C21A-454E-ADE0-E082FD9D7789}.Debug|iPhoneSimulator.Deploy.0 = Debug|iPhoneSimulator
		{AF6BF3B3-C21A-454E-ADE0-E082FD9D7789}.Debug|x64.ActiveCfg = Debug|iPhone
		{AF6BF3B3-C21A-454E-ADE0-E082FD9D7789}.Debug|x64.Build.0 = Debug|iPhone
		{AF6BF3B3-C21A-454E-ADE0-E082FD9D7789}.Debug|x64.Deploy.0 = Debug|iPhone
		{AF6BF3B3-C21A-454E-ADE0-E082FD9D7789}.Debug|x86.ActiveCfg = Debug|iPhone
		{AF6BF3B3-C21A-454E-ADE0-E082FD9D7789}.Debug|x86.Build.0 = Debug|iPhone
		{AF6BF3B3-C21A-454E-ADE0-E082FD9D7789}.Debug|x86.Deploy.0 = Debug|iPhone
		{AF6BF3B3-C21A-454E-ADE0-E082FD9D7789}.Release|Any CPU.ActiveCfg = Release|iPhone
		{AF6BF3B3-C21A-454E-ADE0-E082FD9D7789}.Release|Any CPU.Build.0 = Release|iPhone
		{AF6BF3B3-C21A-454E-ADE0-E082FD9D7789}.Release|Any CPU.Deploy.0 = Release|iPhone
		{AF6BF3B3-C21A-454E-ADE0-E082FD9D7789}.Release|ARM.ActiveCfg = Release|iPhone
		{AF6BF3B3-C21A-454E-ADE0-E082FD9D7789}.Release|ARM.Build.0 = Release|iPhone
		{AF6BF3B3-C21A-454E-ADE0-E082FD9D7789}.Release|ARM.Deploy.0 = Release|iPhone
		{AF6BF3B3-C21A-454E-ADE0-E082FD9D7789}.Release|iPhone.ActiveCfg = Release|iPhone
		{AF6BF3B3-C21A-454E-ADE0-E082FD9D7789}.Release|iPhone.Build.0 = Release|iPhone
		{AF6BF3B3-C21A-454E-ADE0-E082FD9D7789}.Release|iPhone.Deploy.0 = Release|iPhone
		{AF6BF3B3-C21A-454E-ADE0-E082FD9D7789}.Release|iPhoneSimulator.ActiveCfg = Release|iPhoneSimulator
		{AF6BF3B3-C21A-454E-ADE0-E082FD9D7789}.Release|iPhoneSimulator.Build.0 = Release|iPhoneSimulator
		{AF6BF3B3-C21A-454E-ADE0-E082FD9D7789}.Release|iPhoneSimulator.Deploy.0 = Release|iPhoneSimulator
		{AF6BF3B3-C21A-454E-ADE0-E082FD9D7789}.Release|x64.ActiveCfg = Release|iPhone
		{AF6BF3B3-C21A-454E-ADE0-E082FD9D7789}.Release|x64.Build.0 = Release|iPhone
		{AF6BF3B3-C21A-454E-ADE0-E082FD9D7789}.Release|x64.Deploy.0 = Release|iPhone
		{AF6BF3B3-C21A-454E-ADE0-E082FD9D7789}.Release|x86.ActiveCfg = Release|iPhone
		{AF6BF3B3-C21A-454E-ADE0-E082FD9D7789}.Release|x86.Build.0 = Release|iPhone
		{AF6BF3B3-C21A-454E-ADE0-E082FD9D7789}.Release|x86.Deploy.0 = Release|iPhone
		{652D3EC4-1836-41D5-97D7-485BD4BD21DC}.Ad-Hoc|Any CPU.ActiveCfg = Release|x86
		{652D3EC4-1836-41D5-97D7-485BD4BD21DC}.Ad-Hoc|Any CPU.Build.0 = Release|x86
		{652D3EC4-1836-41D5-97D7-485BD4BD21DC}.Ad-Hoc|Any CPU.Deploy.0 = Release|x86
		{652D3EC4-1836-41D5-97D7-485BD4BD21DC}.Ad-Hoc|ARM.ActiveCfg = Release|ARM
		{652D3EC4-1836-41D5-97D7-485BD4BD21DC}.Ad-Hoc|ARM.Build.0 = Release|ARM
		{652D3EC4-1836-41D5-97D7-485BD4BD21DC}.Ad-Hoc|ARM.Deploy.0 = Release|ARM
		{652D3EC4-1836-41D5-97D7-485BD4BD21DC}.Ad-Hoc|iPhone.ActiveCfg = Release|x86
		{652D3EC4-1836-41D5-97D7-485BD4BD21DC}.Ad-Hoc|iPhone.Build.0 = Release|x86
		{652D3EC4-1836-41D5-97D7-485BD4BD21DC}.Ad-Hoc|iPhone.Deploy.0 = Release|x86
		{652D3EC4-1836-41D5-97D7-485BD4BD21DC}.Ad-Hoc|iPhoneSimulator.ActiveCfg = Release|x86
		{652D3EC4-1836-41D5-97D7-485BD4BD21DC}.Ad-Hoc|iPhoneSimulator.Build.0 = Release|x86
		{652D3EC4-1836-41D5-97D7-485BD4BD21DC}.Ad-Hoc|iPhoneSimulator.Deploy.0 = Release|x86
		{652D3EC4-1836-41D5-97D7-485BD4BD21DC}.Ad-Hoc|x64.ActiveCfg = Release|x64
		{652D3EC4-1836-41D5-97D7-485BD4BD21DC}.Ad-Hoc|x64.Build.0 = Release|x64
		{652D3EC4-1836-41D5-97D7-485BD4BD21DC}.Ad-Hoc|x64.Deploy.0 = Release|x64
		{652D3EC4-1836-41D5-97D7-485BD4BD21DC}.Ad-Hoc|x86.ActiveCfg = Release|x86
		{652D3EC4-1836-41D5-97D7-485BD4BD21DC}.Ad-Hoc|x86.Build.0 = Release|x86
		{652D3EC4-1836-41D5-97D7-485BD4BD21DC}.Ad-Hoc|x86.Deploy.0 = Release|x86
		{652D3EC4-1836-41D5-97D7-485BD4BD21DC}.AppStore|Any CPU.ActiveCfg = Release|x86
		{652D3EC4-1836-41D5-97D7-485BD4BD21DC}.AppStore|Any CPU.Build.0 = Release|x86
		{652D3EC4-1836-41D5-97D7-485BD4BD21DC}.AppStore|Any CPU.Deploy.0 = Release|x86
		{652D3EC4-1836-41D5-97D7-485BD4BD21DC}.AppStore|ARM.ActiveCfg = Release|ARM
		{652D3EC4-1836-41D5-97D7-485BD4BD21DC}.AppStore|ARM.Build.0 = Release|ARM
		{652D3EC4-1836-41D5-97D7-485BD4BD21DC}.AppStore|ARM.Deploy.0 = Release|ARM
		{652D3EC4-1836-41D5-97D7-485BD4BD21DC}.AppStore|iPhone.ActiveCfg = Release|x86
		{652D3EC4-1836-41D5-97D7-485BD4BD21DC}.AppStore|iPhone.Build.0 = Release|x86
		{652D3EC4-1836-41D5-97D7-485BD4BD21DC}.AppStore|iPhone.Deploy.0 = Release|x86
		{652D3EC4-1836-41D5-97D7-485BD4BD21DC}.AppStore|iPhoneSimulator.ActiveCfg = Release|x86
		{652D3EC4-1836-41D5-97D7-485BD4BD21DC}.AppStore|iPhoneSimulator.Build.0 = Release|x86
		{652D3EC4-1836-41D5-97D7-485BD4BD21DC}.AppStore|iPhoneSimulator.Deploy.0 = Release|x86
		{652D3EC4-1836-41D5-97D7-485BD4BD21DC}.AppStore|x64.ActiveCfg = Release|x64
		{652D3EC4-1836-41D5-97D7-485BD4BD21DC}.AppStore|x64.Build.0 = Release|x64
		{652D3EC4-1836-41D5-97D7-485BD4BD21DC}.AppStore|x64.Deploy.0 = Release|x64
		{652D3EC4-1836-41D5-97D7-485BD4BD21DC}.AppStore|x86.ActiveCfg = Release|x86
		{652D3EC4-1836-41D5-97D7-485BD4BD21DC}.AppStore|x86.Build.0 = Release|x86
		{652D3EC4-1836-41D5-97D7-485BD4BD21DC}.AppStore|x86.Deploy.0 = Release|x86
		{652D3EC4-1836-41D5-97D7-485BD4BD21DC}.Debug|Any CPU.ActiveCfg = Debug|x86
		{652D3EC4-1836-41D5-97D7-485BD4BD21DC}.Debug|Any CPU.Build.0 = Debug|x86
		{652D3EC4-1836-41D5-97D7-485BD4BD21DC}.Debug|Any CPU.Deploy.0 = Debug|x86
		{652D3EC4-1836-41D5-97D7-485BD4BD21DC}.Debug|ARM.ActiveCfg = Debug|ARM
		{652D3EC4-1836-41D5-97D7-485BD4BD21DC}.Debug|ARM.Build.0 = Debug|ARM
		{652D3EC4-1836-41D5-97D7-485BD4BD21DC}.Debug|ARM.Deploy.0 = Debug|ARM
		{652D3EC4-1836-41D5-97D7-485BD4BD21DC}.Debug|iPhone.ActiveCfg = Debug|x86
		{652D3EC4-1836-41D5-97D7-485BD4BD21DC}.Debug|iPhone.Build.0 = Debug|x86
		{652D3EC4-1836-41D5-97D7-485BD4BD21DC}.Debug|iPhone.Deploy.0 = Debug|x86
		{652D3EC4-1836-41D5-97D7-485BD4BD21DC}.Debug|iPhoneSimulator.ActiveCfg = Debug|x86
		{652D3EC4-1836-41D5-97D7-485BD4BD21DC}.Debug|iPhoneSimulator.Build.0 = Debug|x86
		{652D3EC4-1836-41D5-97D7-485BD4BD21DC}.Debug|iPhoneSimulator.Deploy.0 = Debug|x86
		{652D3EC4-1836-41D5-97D7-485BD4BD21DC}.Debug|x64.ActiveCfg = Debug|x64
		{652D3EC4-1836-41D5-97D7-485BD4BD21DC}.Debug|x64.Build.0 = Debug|x64
		{652D3EC4-1836-41D5-97D7-485BD4BD21DC}.Debug|x64.Deploy.0 = Debug|x64
		{652D3EC4-1836-41D5-97D7-485BD4BD21DC}.Debug|x86.ActiveCfg = Debug|x86
		{652D3EC4-1836-41D5-97D7-485BD4BD21DC}.Debug|x86.Build.0 = Debug|x86
		{652D3EC4-1836-41D5-97D7-485BD4BD21DC}.Debug|x86.Deploy.0 = Debug|x86
		{652D3EC4-1836-41D5-97D7-485BD4BD21DC}.Release|Any CPU.ActiveCfg = Release|x86
		{652D3EC4-1836-41D5-97D7-485BD4BD21DC}.Release|Any CPU.Build.0 = Release|x86
		{652D3EC4-1836-41D5-97D7-485BD4BD21DC}.Release|Any CPU.Deploy.0 = Release|x86
		{652D3EC4-1836-41D5-97D7-485BD4BD21DC}.Release|ARM.ActiveCfg = Release|ARM
		{652D3EC4-1836-41D5-97D7-485BD4BD21DC}.Release|ARM.Build.0 = Release|ARM
		{652D3EC4-1836-41D5-97D7-485BD4BD21DC}.Release|ARM.Deploy.0 = Release|ARM
		{652D3EC4-1836-41D5-97D7-485BD4BD21DC}.Release|iPhone.ActiveCfg = Release|x86
		{652D3EC4-1836-41D5-97D7-485BD4BD21DC}.Release|iPhone.Build.0 = Release|x86
		{652D3EC4-1836-41D5-97D7-485BD4BD21DC}.Release|iPhone.Deploy.0 = Release|x86
		{652D3EC4-1836-41D5-97D7-485BD4BD21DC}.Release|iPhoneSimulator.ActiveCfg = Release|x86
		{652D3EC4-1836-41D5-97D7-485BD4BD21DC}.Release|iPhoneSimulator.Build.0 = Release|x86
		{652D3EC4-1836-41D5-97D7-485BD4BD21DC}.Release|iPhoneSimulator.Deploy.0 = Release|x86
		{652D3EC4-1836-41D5-97D7-485BD4BD21DC}.Release|x64.ActiveCfg = Release|x64
		{652D3EC4-1836-41D5-97D7-485BD4BD21DC}.Release|x64.Build.0 = Release|x64
		{652D3EC4-1836-41D5-97D7-485BD4BD21DC}.Release|x64.Deploy.0 = Release|x64
		{652D3EC4-1836-41D5-97D7-485BD4BD21DC}.Release|x86.ActiveCfg = Release|x86
		{652D3EC4-1836-41D5-97D7-485BD4BD21DC}.Release|x86.Build.0 = Release|x86
		{652D3EC4-1836-41D5-97D7-485BD4BD21DC}.Release|x86.Deploy.0 = Release|x86
		{7F354E1A-B206-4188-9025-9B0E6554D3C7}.Ad-Hoc|Any CPU.ActiveCfg = Debug|Any CPU
		{7F354E1A-B206-4188-9025-9B0E6554D3C7}.Ad-Hoc|Any CPU.Build.0 = Debug|Any CPU
		{7F354E1A-B206-4188-9025-9B0E6554D3C7}.Ad-Hoc|Any CPU.Deploy.0 = Debug|Any CPU
		{7F354E1A-B206-4188-9025-9B0E6554D3C7}.Ad-Hoc|ARM.ActiveCfg = Debug|Any CPU
		{7F354E1A-B206-4188-9025-9B0E6554D3C7}.Ad-Hoc|ARM.Build.0 = Debug|Any CPU
		{7F354E1A-B206-4188-9025-9B0E6554D3C7}.Ad-Hoc|ARM.Deploy.0 = Debug|Any CPU
		{7F354E1A-B206-4188-9025-9B0E6554D3C7}.Ad-Hoc|iPhone.ActiveCfg = Debug|Any CPU
		{7F354E1A-B206-4188-9025-9B0E6554D3C7}.Ad-Hoc|iPhone.Build.0 = Debug|Any CPU
		{7F354E1A-B206-4188-9025-9B0E6554D3C7}.Ad-Hoc|iPhone.Deploy.0 = Debug|Any CPU
		{7F354E1A-B206-4188-9025-9B0E6554D3C7}.Ad-Hoc|iPhoneSimulator.ActiveCfg = Debug|Any CPU
		{7F354E1A-B206-4188-9025-9B0E6554D3C7}.Ad-Hoc|iPhoneSimulator.Build.0 = Debug|Any CPU
		{7F354E1A-B206-4188-9025-9B0E6554D3C7}.Ad-Hoc|iPhoneSimulator.Deploy.0 = Debug|Any CPU
		{7F354E1A-B206-4188-9025-9B0E6554D3C7}.Ad-Hoc|x64.ActiveCfg = Debug|Any CPU
		{7F354E1A-B206-4188-9025-9B0E6554D3C7}.Ad-Hoc|x64.Build.0 = Debug|Any CPU
		{7F354E1A-B206-4188-9025-9B0E6554D3C7}.Ad-Hoc|x64.Deploy.0 = Debug|Any CPU
		{7F354E1A-B206-4188-9025-9B0E6554D3C7}.Ad-Hoc|x86.ActiveCfg = Debug|Any CPU
		{7F354E1A-B206-4188-9025-9B0E6554D3C7}.Ad-Hoc|x86.Build.0 = Debug|Any CPU
		{7F354E1A-B206-4188-9025-9B0E6554D3C7}.Ad-Hoc|x86.Deploy.0 = Debug|Any CPU
		{7F354E1A-B206-4188-9025-9B0E6554D3C7}.AppStore|Any CPU.ActiveCfg = Debug|Any CPU
		{7F354E1A-B206-4188-9025-9B0E6554D3C7}.AppStore|Any CPU.Build.0 = Debug|Any CPU
		{7F354E1A-B206-4188-9025-9B0E6554D3C7}.AppStore|Any CPU.Deploy.0 = Debug|Any CPU
		{7F354E1A-B206-4188-9025-9B0E6554D3C7}.AppStore|ARM.ActiveCfg = Debug|Any CPU
		{7F354E1A-B206-4188-9025-9B0E6554D3C7}.AppStore|ARM.Build.0 = Debug|Any CPU
		{7F354E1A-B206-4188-9025-9B0E6554D3C7}.AppStore|ARM.Deploy.0 = Debug|Any CPU
		{7F354E1A-B206-4188-9025-9B0E6554D3C7}.AppStore|iPhone.ActiveCfg = Debug|Any CPU
		{7F354E1A-B206-4188-9025-9B0E6554D3C7}.AppStore|iPhone.Build.0 = Debug|Any CPU
		{7F354E1A-B206-4188-9025-9B0E6554D3C7}.AppStore|iPhone.Deploy.0 = Debug|Any CPU
		{7F354E1A-B206-4188-9025-9B0E6554D3C7}.AppStore|iPhoneSimulator.ActiveCfg = Debug|Any CPU
		{7F354E1A-B206-4188-9025-9B0E6554D3C7}.AppStore|iPhoneSimulator.Build.0 = Debug|Any CPU
		{7F354E1A-B206-4188-9025-9B0E6554D3C7}.AppStore|iPhoneSimulator.Deploy.0 = Debug|Any CPU
		{7F354E1A-B206-4188-9025-9B0E6554D3C7}.AppStore|x64.ActiveCfg = Debug|Any CPU
		{7F354E1A-B206-4188-9025-9B0E6554D3C7}.AppStore|x64.Build.0 = Debug|Any CPU
		{7F354E1A-B206-4188-9025-9B0E6554D3C7}.AppStore|x64.Deploy.0 = Debug|Any CPU
		{7F354E1A-B206-4188-9025-9B0E6554D3C7}.AppStore|x86.ActiveCfg = Debug|Any CPU
		{7F354E1A-B206-4188-9025-9B0E6554D3C7}.AppStore|x86.Build.0 = Debug|Any CPU
		{7F354E1A-B206-4188-9025-9B0E6554D3C7}.AppStore|x86.Deploy.0 = Debug|Any CPU
		{7F354E1A-B206-4188-9025-9B0E6554D3C7}.Debug|Any CPU.ActiveCfg = Debug|Any CPU
		{7F354E1A-B206-4188-9025-9B0E6554D3C7}.Debug|Any CPU.Build.0 = Debug|Any CPU
		{7F354E1A-B206-4188-9025-9B0E6554D3C7}.Debug|Any CPU.Deploy.0 = Debug|Any CPU
		{7F354E1A-B206-4188-9025-9B0E6554D3C7}.Debug|ARM.ActiveCfg = Debug|Any CPU
		{7F354E1A-B206-4188-9025-9B0E6554D3C7}.Debug|ARM.Build.0 = Debug|Any CPU
		{7F354E1A-B206-4188-9025-9B0E6554D3C7}.Debug|ARM.Deploy.0 = Debug|Any CPU
		{7F354E1A-B206-4188-9025-9B0E6554D3C7}.Debug|iPhone.ActiveCfg = Debug|Any CPU
		{7F354E1A-B206-4188-9025-9B0E6554D3C7}.Debug|iPhone.Build.0 = Debug|Any CPU
		{7F354E1A-B206-4188-9025-9B0E6554D3C7}.Debug|iPhone.Deploy.0 = Debug|Any CPU
		{7F354E1A-B206-4188-9025-9B0E6554D3C7}.Debug|iPhoneSimulator.ActiveCfg = Debug|Any CPU
		{7F354E1A-B206-4188-9025-9B0E6554D3C7}.Debug|iPhoneSimulator.Build.0 = Debug|Any CPU
		{7F354E1A-B206-4188-9025-9B0E6554D3C7}.Debug|iPhoneSimulator.Deploy.0 = Debug|Any CPU
		{7F354E1A-B206-4188-9025-9B0E6554D3C7}.Debug|x64.ActiveCfg = Debug|Any CPU
		{7F354E1A-B206-4188-9025-9B0E6554D3C7}.Debug|x64.Build.0 = Debug|Any CPU
		{7F354E1A-B206-4188-9025-9B0E6554D3C7}.Debug|x64.Deploy.0 = Debug|Any CPU
		{7F354E1A-B206-4188-9025-9B0E6554D3C7}.Debug|x86.ActiveCfg = Debug|Any CPU
		{7F354E1A-B206-4188-9025-9B0E6554D3C7}.Debug|x86.Build.0 = Debug|Any CPU
		{7F354E1A-B206-4188-9025-9B0E6554D3C7}.Debug|x86.Deploy.0 = Debug|Any CPU
		{7F354E1A-B206-4188-9025-9B0E6554D3C7}.Release|Any CPU.ActiveCfg = Release|Any CPU
		{7F354E1A-B206-4188-9025-9B0E6554D3C7}.Release|Any CPU.Build.0 = Release|Any CPU
		{7F354E1A-B206-4188-9025-9B0E6554D3C7}.Release|Any CPU.Deploy.0 = Release|Any CPU
		{7F354E1A-B206-4188-9025-9B0E6554D3C7}.Release|ARM.ActiveCfg = Release|Any CPU
		{7F354E1A-B206-4188-9025-9B0E6554D3C7}.Release|ARM.Build.0 = Release|Any CPU
		{7F354E1A-B206-4188-9025-9B0E6554D3C7}.Release|ARM.Deploy.0 = Release|Any CPU
		{7F354E1A-B206-4188-9025-9B0E6554D3C7}.Release|iPhone.ActiveCfg = Release|Any CPU
		{7F354E1A-B206-4188-9025-9B0E6554D3C7}.Release|iPhone.Build.0 = Release|Any CPU
		{7F354E1A-B206-4188-9025-9B0E6554D3C7}.Release|iPhone.Deploy.0 = Release|Any CPU
		{7F354E1A-B206-4188-9025-9B0E6554D3C7}.Release|iPhoneSimulator.ActiveCfg = Release|Any CPU
		{7F354E1A-B206-4188-9025-9B0E6554D3C7}.Release|iPhoneSimulator.Build.0 = Release|Any CPU
		{7F354E1A-B206-4188-9025-9B0E6554D3C7}.Release|iPhoneSimulator.Deploy.0 = Release|Any CPU
		{7F354E1A-B206-4188-9025-9B0E6554D3C7}.Release|x64.ActiveCfg = Release|Any CPU
		{7F354E1A-B206-4188-9025-9B0E6554D3C7}.Release|x64.Build.0 = Release|Any CPU
		{7F354E1A-B206-4188-9025-9B0E6554D3C7}.Release|x64.Deploy.0 = Release|Any CPU
		{7F354E1A-B206-4188-9025-9B0E6554D3C7}.Release|x86.ActiveCfg = Release|Any CPU
		{7F354E1A-B206-4188-9025-9B0E6554D3C7}.Release|x86.Build.0 = Release|Any CPU
		{7F354E1A-B206-4188-9025-9B0E6554D3C7}.Release|x86.Deploy.0 = Release|Any CPU
		{54702F76-A099-49B5-8190-CFECD2E6B4EF}.Ad-Hoc|Any CPU.ActiveCfg = Debug|Any CPU
		{54702F76-A099-49B5-8190-CFECD2E6B4EF}.Ad-Hoc|Any CPU.Build.0 = Debug|Any CPU
		{54702F76-A099-49B5-8190-CFECD2E6B4EF}.Ad-Hoc|ARM.ActiveCfg = Debug|Any CPU
		{54702F76-A099-49B5-8190-CFECD2E6B4EF}.Ad-Hoc|ARM.Build.0 = Debug|Any CPU
		{54702F76-A099-49B5-8190-CFECD2E6B4EF}.Ad-Hoc|iPhone.ActiveCfg = Debug|Any CPU
		{54702F76-A099-49B5-8190-CFECD2E6B4EF}.Ad-Hoc|iPhone.Build.0 = Debug|Any CPU
		{54702F76-A099-49B5-8190-CFECD2E6B4EF}.Ad-Hoc|iPhoneSimulator.ActiveCfg = Debug|Any CPU
		{54702F76-A099-49B5-8190-CFECD2E6B4EF}.Ad-Hoc|iPhoneSimulator.Build.0 = Debug|Any CPU
		{54702F76-A099-49B5-8190-CFECD2E6B4EF}.Ad-Hoc|x64.ActiveCfg = Debug|Any CPU
		{54702F76-A099-49B5-8190-CFECD2E6B4EF}.Ad-Hoc|x64.Build.0 = Debug|Any CPU
		{54702F76-A099-49B5-8190-CFECD2E6B4EF}.Ad-Hoc|x86.ActiveCfg = Debug|Any CPU
		{54702F76-A099-49B5-8190-CFECD2E6B4EF}.Ad-Hoc|x86.Build.0 = Debug|Any CPU
		{54702F76-A099-49B5-8190-CFECD2E6B4EF}.AppStore|Any CPU.ActiveCfg = Debug|Any CPU
		{54702F76-A099-49B5-8190-CFECD2E6B4EF}.AppStore|Any CPU.Build.0 = Debug|Any CPU
		{54702F76-A099-49B5-8190-CFECD2E6B4EF}.AppStore|ARM.ActiveCfg = Debug|Any CPU
		{54702F76-A099-49B5-8190-CFECD2E6B4EF}.AppStore|ARM.Build.0 = Debug|Any CPU
		{54702F76-A099-49B5-8190-CFECD2E6B4EF}.AppStore|iPhone.ActiveCfg = Debug|Any CPU
		{54702F76-A099-49B5-8190-CFECD2E6B4EF}.AppStore|iPhone.Build.0 = Debug|Any CPU
		{54702F76-A099-49B5-8190-CFECD2E6B4EF}.AppStore|iPhoneSimulator.ActiveCfg = Debug|Any CPU
		{54702F76-A099-49B5-8190-CFECD2E6B4EF}.AppStore|iPhoneSimulator.Build.0 = Debug|Any CPU
		{54702F76-A099-49B5-8190-CFECD2E6B4EF}.AppStore|x64.ActiveCfg = Debug|Any CPU
		{54702F76-A099-49B5-8190-CFECD2E6B4EF}.AppStore|x64.Build.0 = Debug|Any CPU
		{54702F76-A099-49B5-8190-CFECD2E6B4EF}.AppStore|x86.ActiveCfg = Debug|Any CPU
		{54702F76-A099-49B5-8190-CFECD2E6B4EF}.AppStore|x86.Build.0 = Debug|Any CPU
		{54702F76-A099-49B5-8190-CFECD2E6B4EF}.Debug|Any CPU.ActiveCfg = Debug|Any CPU
		{54702F76-A099-49B5-8190-CFECD2E6B4EF}.Debug|Any CPU.Build.0 = Debug|Any CPU
		{54702F76-A099-49B5-8190-CFECD2E6B4EF}.Debug|ARM.ActiveCfg = Debug|Any CPU
		{54702F76-A099-49B5-8190-CFECD2E6B4EF}.Debug|ARM.Build.0 = Debug|Any CPU
		{54702F76-A099-49B5-8190-CFECD2E6B4EF}.Debug|iPhone.ActiveCfg = Debug|Any CPU
		{54702F76-A099-49B5-8190-CFECD2E6B4EF}.Debug|iPhone.Build.0 = Debug|Any CPU
		{54702F76-A099-49B5-8190-CFECD2E6B4EF}.Debug|iPhoneSimulator.ActiveCfg = Debug|Any CPU
		{54702F76-A099-49B5-8190-CFECD2E6B4EF}.Debug|iPhoneSimulator.Build.0 = Debug|Any CPU
		{54702F76-A099-49B5-8190-CFECD2E6B4EF}.Debug|x64.ActiveCfg = Debug|Any CPU
		{54702F76-A099-49B5-8190-CFECD2E6B4EF}.Debug|x64.Build.0 = Debug|Any CPU
		{54702F76-A099-49B5-8190-CFECD2E6B4EF}.Debug|x86.ActiveCfg = Debug|Any CPU
		{54702F76-A099-49B5-8190-CFECD2E6B4EF}.Debug|x86.Build.0 = Debug|Any CPU
		{54702F76-A099-49B5-8190-CFECD2E6B4EF}.Release|Any CPU.ActiveCfg = Release|Any CPU
		{54702F76-A099-49B5-8190-CFECD2E6B4EF}.Release|Any CPU.Build.0 = Release|Any CPU
		{54702F76-A099-49B5-8190-CFECD2E6B4EF}.Release|ARM.ActiveCfg = Release|Any CPU
		{54702F76-A099-49B5-8190-CFECD2E6B4EF}.Release|ARM.Build.0 = Release|Any CPU
		{54702F76-A099-49B5-8190-CFECD2E6B4EF}.Release|iPhone.ActiveCfg = Release|Any CPU
		{54702F76-A099-49B5-8190-CFECD2E6B4EF}.Release|iPhone.Build.0 = Release|Any CPU
		{54702F76-A099-49B5-8190-CFECD2E6B4EF}.Release|iPhoneSimulator.ActiveCfg = Release|Any CPU
		{54702F76-A099-49B5-8190-CFECD2E6B4EF}.Release|iPhoneSimulator.Build.0 = Release|Any CPU
		{54702F76-A099-49B5-8190-CFECD2E6B4EF}.Release|x64.ActiveCfg = Release|Any CPU
		{54702F76-A099-49B5-8190-CFECD2E6B4EF}.Release|x64.Build.0 = Release|Any CPU
		{54702F76-A099-49B5-8190-CFECD2E6B4EF}.Release|x86.ActiveCfg = Release|Any CPU
		{54702F76-A099-49B5-8190-CFECD2E6B4EF}.Release|x86.Build.0 = Release|Any CPU
	EndGlobalSection
	GlobalSection(SolutionProperties) = preSolution
		HideSolutionNode = FALSE
	EndGlobalSection
	GlobalSection(ExtensibilityGlobals) = postSolution
		SolutionGuid = {8E3BBF74-EC69-4F55-BD73-72C58435484C}
	EndGlobalSection
EndGlobal
